
Microsoft Visual Studio Solution File, Format Version 12.00
# Visual Studio Version 17
VisualStudioVersion = 17.13.35913.81 d17.13
MinimumVisualStudioVersion = 10.0.40219.1
Project("{FAE04EC0-301F-11D3-BF4B-00C04F79EFBC}") = "hayvanatBahçesi", "hayvanatBahçesi\hayvanatBahçesi.csproj", "{3CF3C2AA-1E39-4EB3-B70B-7C8F42E87EF1}"
EndProject
Global
	GlobalSection(SolutionConfigurationPlatforms) = preSolution
		Debug|Any CPU = Debug|Any CPU
		Release|Any CPU = Release|Any CPU
	EndGlobalSection
	GlobalSection(ProjectConfigurationPlatforms) = postSolution
		{3CF3C2AA-1E39-4EB3-B70B-7C8F42E87EF1}.Debug|Any CPU.ActiveCfg = Debug|Any CPU
		{3CF3C2AA-1E39-4EB3-B70B-7C8F42E87EF1}.Debug|Any CPU.Build.0 = Debug|Any CPU
		{3CF3C2AA-1E39-4EB3-B70B-7C8F42E87EF1}.Release|Any CPU.ActiveCfg = Release|Any CPU
		{3CF3C2AA-1E39-4EB3-B70B-7C8F42E87EF1}.Release|Any CPU.Build.0 = Release|Any CPU
	EndGlobalSection
	GlobalSection(SolutionProperties) = preSolution
		HideSolutionNode = FALSE
	EndGlobalSection
	GlobalSection(ExtensibilityGlobals) = postSolution
		SolutionGuid = {CFAFC949-D39E-4365-B499-3511E07696F1}
	EndGlobalSection
EndGlobal
